
Microsoft Visual Studio Solution File, Format Version 12.00
# Visual Studio Version 16
VisualStudioVersion = 16.0.30011.22
MinimumVisualStudioVersion = 10.0.40219.1
Project("{FAE04EC0-301F-11D3-BF4B-00C04F79EFBC}") = "WindowsFormsApp3", "WindowsFormsApp3.csproj", "{A5C12D49-5C6D-480B-8166-A4E31AC3F61B}"
EndProject
Global
	GlobalSection(SolutionConfigurationPlatforms) = preSolution
		Debug|Any CPU = Debug|Any CPU
		Release|Any CPU = Release|Any CPU
	EndGlobalSection
	GlobalSection(ProjectConfigurationPlatforms) = postSolution
		{A5C12D49-5C6D-480B-8166-A4E31AC3F61B}.Debug|Any CPU.ActiveCfg = Debug|Any CPU
		{A5C12D49-5C6D-480B-8166-A4E31AC3F61B}.Debug|Any CPU.Build.0 = Debug|Any CPU
		{A5C12D49-5C6D-480B-8166-A4E31AC3F61B}.Release|Any CPU.ActiveCfg = Release|Any CPU
		{A5C12D49-5C6D-480B-8166-A4E31AC3F61B}.Release|Any CPU.Build.0 = Release|Any CPU
	EndGlobalSection
	GlobalSection(SolutionProperties) = preSolution
		HideSolutionNode = FALSE
	EndGlobalSection
	GlobalSection(ExtensibilityGlobals) = postSolution
		SolutionGuid = {F21301EB-3D54-4AFD-8421-AA37449B43E9}
	EndGlobalSection
EndGlobal
