
Microsoft Visual Studio Solution File, Format Version 12.00
# Visual Studio Version 16
VisualStudioVersion = 16.0.30002.166
MinimumVisualStudioVersion = 10.0.40219.1
Project("{FAE04EC0-301F-11D3-BF4B-00C04F79EFBC}") = "WindowsFormsApp2", "WindowsFormsApp2.csproj", "{422B15A0-670C-4FA0-B65F-A936A4911C3F}"
EndProject
Project("{778DAE3C-4631-46EA-AA77-85C1314464D9}") = "SetNumLock", "..\SetNumLock\SetNumLock\SetNumLock.vbproj", "{D915E683-2CA7-4A90-B35E-1B4F20D0D1F3}"
EndProject
Global
	GlobalSection(SolutionConfigurationPlatforms) = preSolution
		Debug|Any CPU = Debug|Any CPU
		Release|Any CPU = Release|Any CPU
	EndGlobalSection
	GlobalSection(ProjectConfigurationPlatforms) = postSolution
		{422B15A0-670C-4FA0-B65F-A936A4911C3F}.Debug|Any CPU.ActiveCfg = Debug|Any CPU
		{422B15A0-670C-4FA0-B65F-A936A4911C3F}.Debug|Any CPU.Build.0 = Debug|Any CPU
		{422B15A0-670C-4FA0-B65F-A936A4911C3F}.Release|Any CPU.ActiveCfg = Release|Any CPU
		{422B15A0-670C-4FA0-B65F-A936A4911C3F}.Release|Any CPU.Build.0 = Release|Any CPU
		{D915E683-2CA7-4A90-B35E-1B4F20D0D1F3}.Debug|Any CPU.ActiveCfg = Debug|Any CPU
		{D915E683-2CA7-4A90-B35E-1B4F20D0D1F3}.Debug|Any CPU.Build.0 = Debug|Any CPU
		{D915E683-2CA7-4A90-B35E-1B4F20D0D1F3}.Release|Any CPU.ActiveCfg = Release|Any CPU
		{D915E683-2CA7-4A90-B35E-1B4F20D0D1F3}.Release|Any CPU.Build.0 = Release|Any CPU
	EndGlobalSection
	GlobalSection(SolutionProperties) = preSolution
		HideSolutionNode = FALSE
	EndGlobalSection
	GlobalSection(ExtensibilityGlobals) = postSolution
		SolutionGuid = {6636FBD5-C862-417F-BD8E-22E1B88EB594}
	EndGlobalSection
EndGlobal
